{
  "version": 4,
  "terraform_version": "1.8.5",
  "serial": 3,
  "lineage": "331b3d07-e011-3119-df19-2be5e08ee9a6",
  "outputs": {
    "vpc": {
      "value": "vpc-078fb2fed03e46b5a",
      "type": "string"
    },
    "vpc-info": {
      "value": "vpc-078fb2fed03e46b5a : demo-lab_vpc",
      "type": "string"
    }
  },
  "resources": [
    {
      "module": "module.base",
      "mode": "managed",
      "type": "aws_subnet",
      "name": "subnet_public_devops",
      "provider": "provider[\"registry.terraform.io/hashicorp/aws\"]",
      "instances": [
        {
          "schema_version": 1,
          "attributes": {
            "arn": "arn:aws:ec2:eu-central-1:891794766766:subnet/subnet-00975701ccb96e114",
            "assign_ipv6_address_on_creation": false,
            "availability_zone": "eu-central-1a",
            "availability_zone_id": "euc1-az2",
            "cidr_block": "128.0.1.0/24",
            "customer_owned_ipv4_pool": "",
            "enable_dns64": false,
            "enable_lni_at_device_index": 0,
            "enable_resource_name_dns_a_record_on_launch": false,
            "enable_resource_name_dns_aaaa_record_on_launch": false,
            "id": "subnet-00975701ccb96e114",
            "ipv6_cidr_block": "",
            "ipv6_cidr_block_association_id": "",
            "ipv6_native": false,
            "map_customer_owned_ip_on_launch": false,
            "map_public_ip_on_launch": true,
            "outpost_arn": "",
            "owner_id": "891794766766",
            "private_dns_hostname_type_on_launch": "ip-name",
            "tags": {
              "Name": "demo-lab_subnet"
            },
            "tags_all": {
              "Name": "demo-lab_subnet"
            },
            "timeouts": null,
            "vpc_id": "vpc-078fb2fed03e46b5a"
          },
          "sensitive_attributes": [],
          "private": "eyJlMmJmYjczMC1lY2FhLTExZTYtOGY4OC0zNDM2M2JjN2M0YzAiOnsiY3JlYXRlIjo2MDAwMDAwMDAwMDAsImRlbGV0ZSI6MTIwMDAwMDAwMDAwMH0sInNjaGVtYV92ZXJzaW9uIjoiMSJ9",
          "dependencies": [
            "module.base.aws_vpc.vpc_devops"
          ]
        }
      ]
    },
    {
      "module": "module.base",
      "mode": "managed",
      "type": "aws_vpc",
      "name": "vpc_devops",
      "provider": "provider[\"registry.terraform.io/hashicorp/aws\"]",
      "instances": [
        {
          "schema_version": 1,
          "attributes": {
            "arn": "arn:aws:ec2:eu-central-1:891794766766:vpc/vpc-078fb2fed03e46b5a",
            "assign_generated_ipv6_cidr_block": false,
            "cidr_block": "128.0.0.0/16",
            "default_network_acl_id": "acl-085232e3a4fc7f2af",
            "default_route_table_id": "rtb-0b65982e06760bbbc",
            "default_security_group_id": "sg-0c9961e6fd9396456",
            "dhcp_options_id": "dopt-67901d0d",
            "enable_dns_hostnames": true,
            "enable_dns_support": true,
            "enable_network_address_usage_metrics": false,
            "id": "vpc-078fb2fed03e46b5a",
            "instance_tenancy": "default",
            "ipv4_ipam_pool_id": null,
            "ipv4_netmask_length": null,
            "ipv6_association_id": "",
            "ipv6_cidr_block": "",
            "ipv6_cidr_block_network_border_group": "",
            "ipv6_ipam_pool_id": "",
            "ipv6_netmask_length": 0,
            "main_route_table_id": "rtb-0b65982e06760bbbc",
            "owner_id": "891794766766",
            "tags": {
              "Name": "demo-lab_vpc"
            },
            "tags_all": {
              "Name": "demo-lab_vpc"
            }
          },
          "sensitive_attributes": [],
          "private": "eyJzY2hlbWFfdmVyc2lvbiI6IjEifQ=="
        }
      ]
    }
  ],
  "check_results": null
}
